
Microsoft Visual Studio Solution File, Format Version 11.00
# Visual Web Developer Express 2010
Project("{FAE04EC0-301F-11D3-BF4B-00C04F79EFBC}") = "Barcode2Javascript", "Barcode2Javascript\Barcode2Javascript.csproj", "{F5B6FA61-7DFC-4397-99E5-D96A9CF72C47}"
EndProject
Project("{FAE04EC0-301F-11D3-BF4B-00C04F79EFBC}") = "Barcode2Javascript.Web", "Barcode2Javascript.Web\Barcode2Javascript.Web.csproj", "{0C20D92F-73ED-40FE-AA58-FC3C7755A9B9}"
EndProject
Project("{FAE04EC0-301F-11D3-BF4B-00C04F79EFBC}") = "SLZXingLib", "SLZXingLib\SLZXingLib.csproj", "{2D8AFA5C-929A-4807-8397-D29823A2D1B7}"
EndProject
Global
	GlobalSection(SolutionConfigurationPlatforms) = preSolution
		Debug|Any CPU = Debug|Any CPU
		Release|Any CPU = Release|Any CPU
	EndGlobalSection
	GlobalSection(ProjectConfigurationPlatforms) = postSolution
		{F5B6FA61-7DFC-4397-99E5-D96A9CF72C47}.Debug|Any CPU.ActiveCfg = Debug|Any CPU
		{F5B6FA61-7DFC-4397-99E5-D96A9CF72C47}.Debug|Any CPU.Build.0 = Debug|Any CPU
		{F5B6FA61-7DFC-4397-99E5-D96A9CF72C47}.Release|Any CPU.ActiveCfg = Release|Any CPU
		{F5B6FA61-7DFC-4397-99E5-D96A9CF72C47}.Release|Any CPU.Build.0 = Release|Any CPU
		{0C20D92F-73ED-40FE-AA58-FC3C7755A9B9}.Debug|Any CPU.ActiveCfg = Debug|Any CPU
		{0C20D92F-73ED-40FE-AA58-FC3C7755A9B9}.Debug|Any CPU.Build.0 = Debug|Any CPU
		{0C20D92F-73ED-40FE-AA58-FC3C7755A9B9}.Release|Any CPU.ActiveCfg = Release|Any CPU
		{0C20D92F-73ED-40FE-AA58-FC3C7755A9B9}.Release|Any CPU.Build.0 = Release|Any CPU
		{2D8AFA5C-929A-4807-8397-D29823A2D1B7}.Debug|Any CPU.ActiveCfg = Debug|Any CPU
		{2D8AFA5C-929A-4807-8397-D29823A2D1B7}.Debug|Any CPU.Build.0 = Debug|Any CPU
		{2D8AFA5C-929A-4807-8397-D29823A2D1B7}.Release|Any CPU.ActiveCfg = Release|Any CPU
		{2D8AFA5C-929A-4807-8397-D29823A2D1B7}.Release|Any CPU.Build.0 = Release|Any CPU
	EndGlobalSection
	GlobalSection(SolutionProperties) = preSolution
		HideSolutionNode = FALSE
	EndGlobalSection
EndGlobal
